
Microsoft Visual Studio Solution File, Format Version 12.00
# Visual Studio Version 17
VisualStudioVersion = 17.0.31903.59
MinimumVisualStudioVersion = 10.0.40219.1
Project("{2150E333-8FDC-42A3-9474-1A3956D46DE8}") = "src", "src", "{A1B2C3D4-0001-0001-0001-000000000001}"
EndProject
Project("{2150E333-8FDC-42A3-9474-1A3956D46DE8}") = "tests", "tests", "{A1B2C3D4-0002-0002-0002-000000000002}"
EndProject
Project("{FAE04EC0-301F-11D3-BF4B-00C04F79EFBC}") = "WinUiFileManager.App", "src\WinUiFileManager.App\WinUiFileManager.App.csproj", "{B1000001-0000-0000-0000-000000000001}"
EndProject
Project("{FAE04EC0-301F-11D3-BF4B-00C04F79EFBC}") = "WinUiFileManager.Presentation", "src\WinUiFileManager.Presentation\WinUiFileManager.Presentation.csproj", "{B1000002-0000-0000-0000-000000000002}"
EndProject
Project("{FAE04EC0-301F-11D3-BF4B-00C04F79EFBC}") = "WinUiFileManager.Application", "src\WinUiFileManager.Application\WinUiFileManager.Application.csproj", "{B1000003-0000-0000-0000-000000000003}"
EndProject
Project("{FAE04EC0-301F-11D3-BF4B-00C04F79EFBC}") = "WinUiFileManager.Diagnostics", "src\WinUiFileManager.Diagnostics\WinUiFileManager.Diagnostics.csproj", "{B1000004-0000-0000-0000-000000000004}"
EndProject
Project("{FAE04EC0-301F-11D3-BF4B-00C04F79EFBC}") = "WinUiFileManager.Infrastructure", "src\WinUiFileManager.Infrastructure\WinUiFileManager.Infrastructure.csproj", "{B1000005-0000-0000-0000-000000000005}"
EndProject
Project("{FAE04EC0-301F-11D3-BF4B-00C04F79EFBC}") = "WinUiFileManager.Interop", "src\WinUiFileManager.Interop\WinUiFileManager.Interop.csproj", "{B1000006-0000-0000-0000-000000000006}"
EndProject
Project("{FAE04EC0-301F-11D3-BF4B-00C04F79EFBC}") = "WinUiFileManager.FileListingEngine", "src\WinUiFileManager.FileListingEngine\WinUiFileManager.FileListingEngine.csproj", "{B1000007-0000-0000-0000-000000000007}"
EndProject
Project("{FAE04EC0-301F-11D3-BF4B-00C04F79EFBC}") = "WinUiFileManager.Application.Tests", "tests\WinUiFileManager.Application.Tests\WinUiFileManager.Application.Tests.csproj", "{C1000001-0000-0000-0000-000000000001}"
EndProject
Project("{FAE04EC0-301F-11D3-BF4B-00C04F79EFBC}") = "WinUiFileManager.Infrastructure.Tests", "tests\WinUiFileManager.Infrastructure.Tests\WinUiFileManager.Infrastructure.Tests.csproj", "{C1000002-0000-0000-0000-000000000002}"
EndProject
Project("{FAE04EC0-301F-11D3-BF4B-00C04F79EFBC}") = "WinUiFileManager.Interop.Tests", "tests\WinUiFileManager.Interop.Tests\WinUiFileManager.Interop.Tests.csproj", "{C1000003-0000-0000-0000-000000000003}"
EndProject
Project("{FAE04EC0-301F-11D3-BF4B-00C04F79EFBC}") = "WinUiFileManager.Benchmarks", "tests\WinUiFileManager.Benchmarks\WinUiFileManager.Benchmarks.csproj", "{E0F59885-E03B-480D-B310-50C3A944510C}"
EndProject
Project("{FAE04EC0-301F-11D3-BF4B-00C04F79EFBC}") = "WinUiFileManager.Diagnostics.Tests", "tests\WinUiFileManager.Diagnostics.Tests\WinUiFileManager.Diagnostics.Tests.csproj", "{AF0154C2-8636-41B6-A0C4-9B9969C053E9}"
EndProject
Global
	GlobalSection(SolutionConfigurationPlatforms) = preSolution
		Debug_Analyzers|x64 = Debug_Analyzers|x64
		Debug_Analyzers|Any CPU = Debug_Analyzers|Any CPU
		Debug_Analyzers|x86 = Debug_Analyzers|x86
		Debug|x64 = Debug|x64
		Debug|Any CPU = Debug|Any CPU
		Debug|x86 = Debug|x86
		Release|x64 = Release|x64
		Release|Any CPU = Release|Any CPU
		Release|x86 = Release|x86
	EndGlobalSection
	GlobalSection(ProjectConfigurationPlatforms) = postSolution
		{B1000001-0000-0000-0000-000000000001}.Debug_Analyzers|x64.ActiveCfg = Debug_Analyzers|x64
		{B1000001-0000-0000-0000-000000000001}.Debug_Analyzers|x64.Build.0 = Debug_Analyzers|x64
		{B1000001-0000-0000-0000-000000000001}.Debug_Analyzers|Any CPU.ActiveCfg = Debug_Analyzers|x64
		{B1000001-0000-0000-0000-000000000001}.Debug_Analyzers|Any CPU.Build.0 = Debug_Analyzers|x64
		{B1000001-0000-0000-0000-000000000001}.Debug_Analyzers|x86.ActiveCfg = Debug_Analyzers|Any CPU
		{B1000001-0000-0000-0000-000000000001}.Debug_Analyzers|x86.Build.0 = Debug_Analyzers|Any CPU
		{B1000001-0000-0000-0000-000000000001}.Debug|x64.ActiveCfg = Debug|x64
		{B1000001-0000-0000-0000-000000000001}.Debug|x64.Build.0 = Debug|x64
		{B1000001-0000-0000-0000-000000000001}.Debug|Any CPU.ActiveCfg = Debug|x64
		{B1000001-0000-0000-0000-000000000001}.Debug|Any CPU.Build.0 = Debug|x64
		{B1000001-0000-0000-0000-000000000001}.Debug|x86.ActiveCfg = Debug|Any CPU
		{B1000001-0000-0000-0000-000000000001}.Debug|x86.Build.0 = Debug|Any CPU
		{B1000001-0000-0000-0000-000000000001}.Release|x64.ActiveCfg = Release|x64
		{B1000001-0000-0000-0000-000000000001}.Release|x64.Build.0 = Release|x64
		{B1000001-0000-0000-0000-000000000001}.Release|Any CPU.ActiveCfg = Release|x64
		{B1000001-0000-0000-0000-000000000001}.Release|Any CPU.Build.0 = Release|x64
		{B1000001-0000-0000-0000-000000000001}.Release|x86.ActiveCfg = Release|Any CPU
		{B1000001-0000-0000-0000-000000000001}.Release|x86.Build.0 = Release|Any CPU
		{B1000002-0000-0000-0000-000000000002}.Debug_Analyzers|x64.ActiveCfg = Debug_Analyzers|x64
		{B1000002-0000-0000-0000-000000000002}.Debug_Analyzers|x64.Build.0 = Debug_Analyzers|x64
		{B1000002-0000-0000-0000-000000000002}.Debug_Analyzers|Any CPU.ActiveCfg = Debug_Analyzers|x64
		{B1000002-0000-0000-0000-000000000002}.Debug_Analyzers|Any CPU.Build.0 = Debug_Analyzers|x64
		{B1000002-0000-0000-0000-000000000002}.Debug_Analyzers|x86.ActiveCfg = Debug_Analyzers|Any CPU
		{B1000002-0000-0000-0000-000000000002}.Debug_Analyzers|x86.Build.0 = Debug_Analyzers|Any CPU
		{B1000002-0000-0000-0000-000000000002}.Debug|x64.ActiveCfg = Debug|x64
		{B1000002-0000-0000-0000-000000000002}.Debug|x64.Build.0 = Debug|x64
		{B1000002-0000-0000-0000-000000000002}.Debug|Any CPU.ActiveCfg = Debug|x64
		{B1000002-0000-0000-0000-000000000002}.Debug|Any CPU.Build.0 = Debug|x64
		{B1000002-0000-0000-0000-000000000002}.Debug|x86.ActiveCfg = Debug|Any CPU
		{B1000002-0000-0000-0000-000000000002}.Debug|x86.Build.0 = Debug|Any CPU
		{B1000002-0000-0000-0000-000000000002}.Release|x64.ActiveCfg = Release|x64
		{B1000002-0000-0000-0000-000000000002}.Release|x64.Build.0 = Release|x64
		{B1000002-0000-0000-0000-000000000002}.Release|Any CPU.ActiveCfg = Release|x64
		{B1000002-0000-0000-0000-000000000002}.Release|Any CPU.Build.0 = Release|x64
		{B1000002-0000-0000-0000-000000000002}.Release|x86.ActiveCfg = Release|Any CPU
		{B1000002-0000-0000-0000-000000000002}.Release|x86.Build.0 = Release|Any CPU
		{B1000003-0000-0000-0000-000000000003}.Debug_Analyzers|x64.ActiveCfg = Debug_Analyzers|x64
		{B1000003-0000-0000-0000-000000000003}.Debug_Analyzers|x64.Build.0 = Debug_Analyzers|x64
		{B1000003-0000-0000-0000-000000000003}.Debug_Analyzers|Any CPU.ActiveCfg = Debug_Analyzers|x64
		{B1000003-0000-0000-0000-000000000003}.Debug_Analyzers|Any CPU.Build.0 = Debug_Analyzers|x64
		{B1000003-0000-0000-0000-000000000003}.Debug_Analyzers|x86.ActiveCfg = Debug_Analyzers|Any CPU
		{B1000003-0000-0000-0000-000000000003}.Debug_Analyzers|x86.Build.0 = Debug_Analyzers|Any CPU
		{B1000003-0000-0000-0000-000000000003}.Debug|x64.ActiveCfg = Debug|x64
		{B1000003-0000-0000-0000-000000000003}.Debug|x64.Build.0 = Debug|x64
		{B1000003-0000-0000-0000-000000000003}.Debug|Any CPU.ActiveCfg = Debug|x64
		{B1000003-0000-0000-0000-000000000003}.Debug|Any CPU.Build.0 = Debug|x64
		{B1000003-0000-0000-0000-000000000003}.Debug|x86.ActiveCfg = Debug|Any CPU
		{B1000003-0000-0000-0000-000000000003}.Debug|x86.Build.0 = Debug|Any CPU
		{B1000003-0000-0000-0000-000000000003}.Release|x64.ActiveCfg = Release|x64
		{B1000003-0000-0000-0000-000000000003}.Release|x64.Build.0 = Release|x64
		{B1000003-0000-0000-0000-000000000003}.Release|Any CPU.ActiveCfg = Release|x64
		{B1000003-0000-0000-0000-000000000003}.Release|Any CPU.Build.0 = Release|x64
		{B1000003-0000-0000-0000-000000000003}.Release|x86.ActiveCfg = Release|Any CPU
		{B1000003-0000-0000-0000-000000000003}.Release|x86.Build.0 = Release|Any CPU
		{B1000004-0000-0000-0000-000000000004}.Debug_Analyzers|x64.ActiveCfg = Debug_Analyzers|x64
		{B1000004-0000-0000-0000-000000000004}.Debug_Analyzers|x64.Build.0 = Debug_Analyzers|x64
		{B1000004-0000-0000-0000-000000000004}.Debug_Analyzers|Any CPU.ActiveCfg = Debug_Analyzers|x64
		{B1000004-0000-0000-0000-000000000004}.Debug_Analyzers|Any CPU.Build.0 = Debug_Analyzers|x64
		{B1000004-0000-0000-0000-000000000004}.Debug_Analyzers|x86.ActiveCfg = Debug_Analyzers|Any CPU
		{B1000004-0000-0000-0000-000000000004}.Debug_Analyzers|x86.Build.0 = Debug_Analyzers|Any CPU
		{B1000004-0000-0000-0000-000000000004}.Debug|x64.ActiveCfg = Debug|x64
		{B1000004-0000-0000-0000-000000000004}.Debug|x64.Build.0 = Debug|x64
		{B1000004-0000-0000-0000-000000000004}.Debug|Any CPU.ActiveCfg = Debug|x64
		{B1000004-0000-0000-0000-000000000004}.Debug|Any CPU.Build.0 = Debug|x64
		{B1000004-0000-0000-0000-000000000004}.Debug|x86.ActiveCfg = Debug|Any CPU
		{B1000004-0000-0000-0000-000000000004}.Debug|x86.Build.0 = Debug|Any CPU
		{B1000004-0000-0000-0000-000000000004}.Release|x64.ActiveCfg = Release|x64
		{B1000004-0000-0000-0000-000000000004}.Release|x64.Build.0 = Release|x64
		{B1000004-0000-0000-0000-000000000004}.Release|Any CPU.ActiveCfg = Release|x64
		{B1000004-0000-0000-0000-000000000004}.Release|Any CPU.Build.0 = Release|x64
		{B1000004-0000-0000-0000-000000000004}.Release|x86.ActiveCfg = Release|Any CPU
		{B1000004-0000-0000-0000-000000000004}.Release|x86.Build.0 = Release|Any CPU
		{B1000005-0000-0000-0000-000000000005}.Debug_Analyzers|x64.ActiveCfg = Debug_Analyzers|x64
		{B1000005-0000-0000-0000-000000000005}.Debug_Analyzers|x64.Build.0 = Debug_Analyzers|x64
		{B1000005-0000-0000-0000-000000000005}.Debug_Analyzers|Any CPU.ActiveCfg = Debug_Analyzers|x64
		{B1000005-0000-0000-0000-000000000005}.Debug_Analyzers|Any CPU.Build.0 = Debug_Analyzers|x64
		{B1000005-0000-0000-0000-000000000005}.Debug_Analyzers|x86.ActiveCfg = Debug_Analyzers|Any CPU
		{B1000005-0000-0000-0000-000000000005}.Debug_Analyzers|x86.Build.0 = Debug_Analyzers|Any CPU
		{B1000005-0000-0000-0000-000000000005}.Debug|x64.ActiveCfg = Debug|x64
		{B1000005-0000-0000-0000-000000000005}.Debug|x64.Build.0 = Debug|x64
		{B1000005-0000-0000-0000-000000000005}.Debug|Any CPU.ActiveCfg = Debug|x64
		{B1000005-0000-0000-0000-000000000005}.Debug|Any CPU.Build.0 = Debug|x64
		{B1000005-0000-0000-0000-000000000005}.Debug|x86.ActiveCfg = Debug|Any CPU
		{B1000005-0000-0000-0000-000000000005}.Debug|x86.Build.0 = Debug|Any CPU
		{B1000005-0000-0000-0000-000000000005}.Release|x64.ActiveCfg = Release|x64
		{B1000005-0000-0000-0000-000000000005}.Release|x64.Build.0 = Release|x64
		{B1000005-0000-0000-0000-000000000005}.Release|Any CPU.ActiveCfg = Release|x64
		{B1000005-0000-0000-0000-000000000005}.Release|Any CPU.Build.0 = Release|x64
		{B1000005-0000-0000-0000-000000000005}.Release|x86.ActiveCfg = Release|Any CPU
		{B1000005-0000-0000-0000-000000000005}.Release|x86.Build.0 = Release|Any CPU
		{B1000006-0000-0000-0000-000000000006}.Debug_Analyzers|x64.ActiveCfg = Debug_Analyzers|x64
		{B1000006-0000-0000-0000-000000000006}.Debug_Analyzers|x64.Build.0 = Debug_Analyzers|x64
		{B1000006-0000-0000-0000-000000000006}.Debug_Analyzers|Any CPU.ActiveCfg = Debug_Analyzers|x64
		{B1000006-0000-0000-0000-000000000006}.Debug_Analyzers|Any CPU.Build.0 = Debug_Analyzers|x64
		{B1000006-0000-0000-0000-000000000006}.Debug_Analyzers|x86.ActiveCfg = Debug_Analyzers|Any CPU
		{B1000006-0000-0000-0000-000000000006}.Debug_Analyzers|x86.Build.0 = Debug_Analyzers|Any CPU
		{B1000006-0000-0000-0000-000000000006}.Debug|x64.ActiveCfg = Debug|x64
		{B1000006-0000-0000-0000-000000000006}.Debug|x64.Build.0 = Debug|x64
		{B1000006-0000-0000-0000-000000000006}.Debug|Any CPU.ActiveCfg = Debug|x64
		{B1000006-0000-0000-0000-000000000006}.Debug|Any CPU.Build.0 = Debug|x64
		{B1000006-0000-0000-0000-000000000006}.Debug|x86.ActiveCfg = Debug|Any CPU
		{B1000006-0000-0000-0000-000000000006}.Debug|x86.Build.0 = Debug|Any CPU
		{B1000006-0000-0000-0000-000000000006}.Release|x64.ActiveCfg = Release|x64
		{B1000006-0000-0000-0000-000000000006}.Release|x64.Build.0 = Release|x64
		{B1000006-0000-0000-0000-000000000006}.Release|Any CPU.ActiveCfg = Release|x64
		{B1000006-0000-0000-0000-000000000006}.Release|Any CPU.Build.0 = Release|x64
		{B1000006-0000-0000-0000-000000000006}.Release|x86.ActiveCfg = Release|Any CPU
		{B1000006-0000-0000-0000-000000000006}.Release|x86.Build.0 = Release|Any CPU
		{B1000007-0000-0000-0000-000000000007}.Debug_Analyzers|x64.ActiveCfg = Debug_Analyzers|x64
		{B1000007-0000-0000-0000-000000000007}.Debug_Analyzers|x64.Build.0 = Debug_Analyzers|x64
		{B1000007-0000-0000-0000-000000000007}.Debug_Analyzers|Any CPU.ActiveCfg = Debug_Analyzers|x64
		{B1000007-0000-0000-0000-000000000007}.Debug_Analyzers|Any CPU.Build.0 = Debug_Analyzers|x64
		{B1000007-0000-0000-0000-000000000007}.Debug_Analyzers|x86.ActiveCfg = Debug_Analyzers|Any CPU
		{B1000007-0000-0000-0000-000000000007}.Debug_Analyzers|x86.Build.0 = Debug_Analyzers|Any CPU
		{B1000007-0000-0000-0000-000000000007}.Debug|x64.ActiveCfg = Debug|x64
		{B1000007-0000-0000-0000-000000000007}.Debug|x64.Build.0 = Debug|x64
		{B1000007-0000-0000-0000-000000000007}.Debug|Any CPU.ActiveCfg = Debug|x64
		{B1000007-0000-0000-0000-000000000007}.Debug|Any CPU.Build.0 = Debug|x64
		{B1000007-0000-0000-0000-000000000007}.Debug|x86.ActiveCfg = Debug|Any CPU
		{B1000007-0000-0000-0000-000000000007}.Debug|x86.Build.0 = Debug|Any CPU
		{B1000007-0000-0000-0000-000000000007}.Release|x64.ActiveCfg = Release|x64
		{B1000007-0000-0000-0000-000000000007}.Release|x64.Build.0 = Release|x64
		{B1000007-0000-0000-0000-000000000007}.Release|Any CPU.ActiveCfg = Release|x64
		{B1000007-0000-0000-0000-000000000007}.Release|Any CPU.Build.0 = Release|x64
		{B1000007-0000-0000-0000-000000000007}.Release|x86.ActiveCfg = Release|Any CPU
		{B1000007-0000-0000-0000-000000000007}.Release|x86.Build.0 = Release|Any CPU
		{C1000001-0000-0000-0000-000000000001}.Debug_Analyzers|x64.ActiveCfg = Debug_Analyzers|x64
		{C1000001-0000-0000-0000-000000000001}.Debug_Analyzers|x64.Build.0 = Debug_Analyzers|x64
		{C1000001-0000-0000-0000-000000000001}.Debug_Analyzers|Any CPU.ActiveCfg = Debug_Analyzers|x64
		{C1000001-0000-0000-0000-000000000001}.Debug_Analyzers|Any CPU.Build.0 = Debug_Analyzers|x64
		{C1000001-0000-0000-0000-000000000001}.Debug_Analyzers|x86.ActiveCfg = Debug_Analyzers|Any CPU
		{C1000001-0000-0000-0000-000000000001}.Debug_Analyzers|x86.Build.0 = Debug_Analyzers|Any CPU
		{C1000001-0000-0000-0000-000000000001}.Debug|x64.ActiveCfg = Debug|x64
		{C1000001-0000-0000-0000-000000000001}.Debug|Any CPU.ActiveCfg = Debug|x64
		{C1000001-0000-0000-0000-000000000001}.Debug|Any CPU.Build.0 = Debug|x64
		{C1000001-0000-0000-0000-000000000001}.Debug|x86.ActiveCfg = Debug|Any CPU
		{C1000001-0000-0000-0000-000000000001}.Debug|x86.Build.0 = Debug|Any CPU
		{C1000001-0000-0000-0000-000000000001}.Release|x64.ActiveCfg = Release|x64
		{C1000001-0000-0000-0000-000000000001}.Release|x64.Build.0 = Release|x64
		{C1000001-0000-0000-0000-000000000001}.Release|Any CPU.ActiveCfg = Release|x64
		{C1000001-0000-0000-0000-000000000001}.Release|Any CPU.Build.0 = Release|x64
		{C1000001-0000-0000-0000-000000000001}.Release|x86.ActiveCfg = Release|Any CPU
		{C1000001-0000-0000-0000-000000000001}.Release|x86.Build.0 = Release|Any CPU
		{C1000002-0000-0000-0000-000000000002}.Debug_Analyzers|x64.ActiveCfg = Debug_Analyzers|x64
		{C1000002-0000-0000-0000-000000000002}.Debug_Analyzers|x64.Build.0 = Debug_Analyzers|x64
		{C1000002-0000-0000-0000-000000000002}.Debug_Analyzers|Any CPU.ActiveCfg = Debug_Analyzers|x64
		{C1000002-0000-0000-0000-000000000002}.Debug_Analyzers|Any CPU.Build.0 = Debug_Analyzers|x64
		{C1000002-0000-0000-0000-000000000002}.Debug_Analyzers|x86.ActiveCfg = Debug_Analyzers|Any CPU
		{C1000002-0000-0000-0000-000000000002}.Debug_Analyzers|x86.Build.0 = Debug_Analyzers|Any CPU
		{C1000002-0000-0000-0000-000000000002}.Debug|x64.ActiveCfg = Debug|x64
		{C1000002-0000-0000-0000-000000000002}.Debug|Any CPU.ActiveCfg = Debug|x64
		{C1000002-0000-0000-0000-000000000002}.Debug|Any CPU.Build.0 = Debug|x64
		{C1000002-0000-0000-0000-000000000002}.Debug|x86.ActiveCfg = Debug|Any CPU
		{C1000002-0000-0000-0000-000000000002}.Debug|x86.Build.0 = Debug|Any CPU
		{C1000002-0000-0000-0000-000000000002}.Release|x64.ActiveCfg = Release|x64
		{C1000002-0000-0000-0000-000000000002}.Release|x64.Build.0 = Release|x64
		{C1000002-0000-0000-0000-000000000002}.Release|Any CPU.ActiveCfg = Release|x64
		{C1000002-0000-0000-0000-000000000002}.Release|Any CPU.Build.0 = Release|x64
		{C1000002-0000-0000-0000-000000000002}.Release|x86.ActiveCfg = Release|Any CPU
		{C1000002-0000-0000-0000-000000000002}.Release|x86.Build.0 = Release|Any CPU
		{C1000003-0000-0000-0000-000000000003}.Debug_Analyzers|x64.ActiveCfg = Debug_Analyzers|x64
		{C1000003-0000-0000-0000-000000000003}.Debug_Analyzers|x64.Build.0 = Debug_Analyzers|x64
		{C1000003-0000-0000-0000-000000000003}.Debug_Analyzers|Any CPU.ActiveCfg = Debug_Analyzers|x64
		{C1000003-0000-0000-0000-000000000003}.Debug_Analyzers|Any CPU.Build.0 = Debug_Analyzers|x64
		{C1000003-0000-0000-0000-000000000003}.Debug_Analyzers|x86.ActiveCfg = Debug_Analyzers|Any CPU
		{C1000003-0000-0000-0000-000000000003}.Debug_Analyzers|x86.Build.0 = Debug_Analyzers|Any CPU
		{C1000003-0000-0000-0000-000000000003}.Debug|x64.ActiveCfg = Debug|x64
		{C1000003-0000-0000-0000-000000000003}.Debug|Any CPU.ActiveCfg = Debug|x64
		{C1000003-0000-0000-0000-000000000003}.Debug|Any CPU.Build.0 = Debug|x64
		{C1000003-0000-0000-0000-000000000003}.Debug|x86.ActiveCfg = Debug|Any CPU
		{C1000003-0000-0000-0000-000000000003}.Debug|x86.Build.0 = Debug|Any CPU
		{C1000003-0000-0000-0000-000000000003}.Release|x64.ActiveCfg = Release|x64
		{C1000003-0000-0000-0000-000000000003}.Release|x64.Build.0 = Release|x64
		{C1000003-0000-0000-0000-000000000003}.Release|Any CPU.ActiveCfg = Release|x64
		{C1000003-0000-0000-0000-000000000003}.Release|Any CPU.Build.0 = Release|x64
		{C1000003-0000-0000-0000-000000000003}.Release|x86.ActiveCfg = Release|Any CPU
		{C1000003-0000-0000-0000-000000000003}.Release|x86.Build.0 = Release|Any CPU
		{E0F59885-E03B-480D-B310-50C3A944510C}.Debug_Analyzers|x64.ActiveCfg = Debug_Analyzers|x64
		{E0F59885-E03B-480D-B310-50C3A944510C}.Debug_Analyzers|x64.Build.0 = Debug_Analyzers|x64
		{E0F59885-E03B-480D-B310-50C3A944510C}.Debug_Analyzers|Any CPU.ActiveCfg = Debug_Analyzers|x64
		{E0F59885-E03B-480D-B310-50C3A944510C}.Debug_Analyzers|Any CPU.Build.0 = Debug_Analyzers|x64
		{E0F59885-E03B-480D-B310-50C3A944510C}.Debug_Analyzers|x86.ActiveCfg = Debug_Analyzers|Any CPU
		{E0F59885-E03B-480D-B310-50C3A944510C}.Debug_Analyzers|x86.Build.0 = Debug_Analyzers|Any CPU
		{E0F59885-E03B-480D-B310-50C3A944510C}.Debug|x64.ActiveCfg = Debug|x64
		{E0F59885-E03B-480D-B310-50C3A944510C}.Debug|x64.Build.0 = Debug|x64
		{E0F59885-E03B-480D-B310-50C3A944510C}.Debug|Any CPU.ActiveCfg = Debug|x64
		{E0F59885-E03B-480D-B310-50C3A944510C}.Debug|Any CPU.Build.0 = Debug|x64
		{E0F59885-E03B-480D-B310-50C3A944510C}.Debug|x86.ActiveCfg = Debug|Any CPU
		{E0F59885-E03B-480D-B310-50C3A944510C}.Debug|x86.Build.0 = Debug|Any CPU
		{E0F59885-E03B-480D-B310-50C3A944510C}.Release|x64.ActiveCfg = Release|x64
		{E0F59885-E03B-480D-B310-50C3A944510C}.Release|x64.Build.0 = Release|x64
		{E0F59885-E03B-480D-B310-50C3A944510C}.Release|Any CPU.ActiveCfg = Release|x64
		{E0F59885-E03B-480D-B310-50C3A944510C}.Release|Any CPU.Build.0 = Release|x64
		{E0F59885-E03B-480D-B310-50C3A944510C}.Release|x86.ActiveCfg = Release|Any CPU
		{E0F59885-E03B-480D-B310-50C3A944510C}.Release|x86.Build.0 = Release|Any CPU
		{AF0154C2-8636-41B6-A0C4-9B9969C053E9}.Debug_Analyzers|x64.ActiveCfg = Debug_Analyzers|x64
		{AF0154C2-8636-41B6-A0C4-9B9969C053E9}.Debug_Analyzers|x64.Build.0 = Debug_Analyzers|x64
		{AF0154C2-8636-41B6-A0C4-9B9969C053E9}.Debug_Analyzers|Any CPU.ActiveCfg = Debug_Analyzers|x64
		{AF0154C2-8636-41B6-A0C4-9B9969C053E9}.Debug_Analyzers|Any CPU.Build.0 = Debug_Analyzers|x64
		{AF0154C2-8636-41B6-A0C4-9B9969C053E9}.Debug_Analyzers|x86.ActiveCfg = Debug_Analyzers|x64
		{AF0154C2-8636-41B6-A0C4-9B9969C053E9}.Debug_Analyzers|x86.Build.0 = Debug_Analyzers|x64
		{AF0154C2-8636-41B6-A0C4-9B9969C053E9}.Debug|x64.ActiveCfg = Debug|x64
		{AF0154C2-8636-41B6-A0C4-9B9969C053E9}.Debug|x64.Build.0 = Debug|x64
		{AF0154C2-8636-41B6-A0C4-9B9969C053E9}.Debug|Any CPU.ActiveCfg = Debug|x64
		{AF0154C2-8636-41B6-A0C4-9B9969C053E9}.Debug|Any CPU.Build.0 = Debug|x64
		{AF0154C2-8636-41B6-A0C4-9B9969C053E9}.Debug|x86.ActiveCfg = Debug|x64
		{AF0154C2-8636-41B6-A0C4-9B9969C053E9}.Debug|x86.Build.0 = Debug|x64
		{AF0154C2-8636-41B6-A0C4-9B9969C053E9}.Release|x64.ActiveCfg = Release|x64
		{AF0154C2-8636-41B6-A0C4-9B9969C053E9}.Release|x64.Build.0 = Release|x64
		{AF0154C2-8636-41B6-A0C4-9B9969C053E9}.Release|Any CPU.ActiveCfg = Release|x64
		{AF0154C2-8636-41B6-A0C4-9B9969C053E9}.Release|Any CPU.Build.0 = Release|x64
		{AF0154C2-8636-41B6-A0C4-9B9969C053E9}.Release|x86.ActiveCfg = Release|x64
		{AF0154C2-8636-41B6-A0C4-9B9969C053E9}.Release|x86.Build.0 = Release|x64
	EndGlobalSection
	GlobalSection(SolutionProperties) = preSolution
		HideSolutionNode = FALSE
	EndGlobalSection
	GlobalSection(NestedProjects) = preSolution
		{B1000001-0000-0000-0000-000000000001} = {A1B2C3D4-0001-0001-0001-000000000001}
		{B1000002-0000-0000-0000-000000000002} = {A1B2C3D4-0001-0001-0001-000000000001}
		{B1000003-0000-0000-0000-000000000003} = {A1B2C3D4-0001-0001-0001-000000000001}
		{B1000004-0000-0000-0000-000000000004} = {A1B2C3D4-0001-0001-0001-000000000001}
		{B1000005-0000-0000-0000-000000000005} = {A1B2C3D4-0001-0001-0001-000000000001}
		{B1000006-0000-0000-0000-000000000006} = {A1B2C3D4-0001-0001-0001-000000000001}
		{B1000007-0000-0000-0000-000000000007} = {A1B2C3D4-0001-0001-0001-000000000001}
		{C1000001-0000-0000-0000-000000000001} = {A1B2C3D4-0002-0002-0002-000000000002}
		{C1000002-0000-0000-0000-000000000002} = {A1B2C3D4-0002-0002-0002-000000000002}
		{C1000003-0000-0000-0000-000000000003} = {A1B2C3D4-0002-0002-0002-000000000002}
		{E0F59885-E03B-480D-B310-50C3A944510C} = {A1B2C3D4-0002-0002-0002-000000000002}
		{AF0154C2-8636-41B6-A0C4-9B9969C053E9} = {A1B2C3D4-0002-0002-0002-000000000002}
	EndGlobalSection
EndGlobal
